
Microsoft Visual Studio Solution File, Format Version 11.00
# Visual Studio 2010
Project("{F184B08F-C81C-45F6-A57F-5ABD9991F28F}") = "Omnis.WinForm", "Omnis.WinForm\Omnis.WinForm.vbproj", "{A194ACA3-D46F-4754-AE2A-03DA8BC6FF54}"
EndProject
Project("{FAE04EC0-301F-11D3-BF4B-00C04F79EFBC}") = "Omnis.Web", "Omnis.Web\Omnis.Web.csproj", "{1149D4DC-1661-403F-AAC2-F898CB63EBB0}"
EndProject
Project("{FAE04EC0-301F-11D3-BF4B-00C04F79EFBC}") = "Omnis.Service", "Omnis.Service\Omnis.Service.csproj", "{983F708A-B6D9-4659-A2F3-F11576866A00}"
EndProject
Project("{FAE04EC0-301F-11D3-BF4B-00C04F79EFBC}") = "Omnis.Web.Api", "Omnis.Web.Api\Omnis.Web.Api.csproj", "{AA694D9D-32EB-4768-A251-F34F73344D08}"
EndProject
Global
	GlobalSection(SolutionConfigurationPlatforms) = preSolution
		Debug|Any CPU = Debug|Any CPU
		Debug|Mixed Platforms = Debug|Mixed Platforms
		Debug|x86 = Debug|x86
		Release|Any CPU = Release|Any CPU
		Release|Mixed Platforms = Release|Mixed Platforms
		Release|x86 = Release|x86
	EndGlobalSection
	GlobalSection(ProjectConfigurationPlatforms) = postSolution
		{A194ACA3-D46F-4754-AE2A-03DA8BC6FF54}.Debug|Any CPU.ActiveCfg = Debug|x86
		{A194ACA3-D46F-4754-AE2A-03DA8BC6FF54}.Debug|Mixed Platforms.ActiveCfg = Debug|x86
		{A194ACA3-D46F-4754-AE2A-03DA8BC6FF54}.Debug|Mixed Platforms.Build.0 = Debug|x86
		{A194ACA3-D46F-4754-AE2A-03DA8BC6FF54}.Debug|x86.ActiveCfg = Debug|x86
		{A194ACA3-D46F-4754-AE2A-03DA8BC6FF54}.Debug|x86.Build.0 = Debug|x86
		{A194ACA3-D46F-4754-AE2A-03DA8BC6FF54}.Release|Any CPU.ActiveCfg = Release|x86
		{A194ACA3-D46F-4754-AE2A-03DA8BC6FF54}.Release|Mixed Platforms.ActiveCfg = Release|x86
		{A194ACA3-D46F-4754-AE2A-03DA8BC6FF54}.Release|Mixed Platforms.Build.0 = Release|x86
		{A194ACA3-D46F-4754-AE2A-03DA8BC6FF54}.Release|x86.ActiveCfg = Release|x86
		{A194ACA3-D46F-4754-AE2A-03DA8BC6FF54}.Release|x86.Build.0 = Release|x86
		{1149D4DC-1661-403F-AAC2-F898CB63EBB0}.Debug|Any CPU.ActiveCfg = Debug|Any CPU
		{1149D4DC-1661-403F-AAC2-F898CB63EBB0}.Debug|Any CPU.Build.0 = Debug|Any CPU
		{1149D4DC-1661-403F-AAC2-F898CB63EBB0}.Debug|Mixed Platforms.ActiveCfg = Debug|Any CPU
		{1149D4DC-1661-403F-AAC2-F898CB63EBB0}.Debug|Mixed Platforms.Build.0 = Debug|Any CPU
		{1149D4DC-1661-403F-AAC2-F898CB63EBB0}.Debug|x86.ActiveCfg = Debug|Any CPU
		{1149D4DC-1661-403F-AAC2-F898CB63EBB0}.Release|Any CPU.ActiveCfg = Release|Any CPU
		{1149D4DC-1661-403F-AAC2-F898CB63EBB0}.Release|Any CPU.Build.0 = Release|Any CPU
		{1149D4DC-1661-403F-AAC2-F898CB63EBB0}.Release|Mixed Platforms.ActiveCfg = Release|Any CPU
		{1149D4DC-1661-403F-AAC2-F898CB63EBB0}.Release|Mixed Platforms.Build.0 = Release|Any CPU
		{1149D4DC-1661-403F-AAC2-F898CB63EBB0}.Release|x86.ActiveCfg = Release|Any CPU
		{983F708A-B6D9-4659-A2F3-F11576866A00}.Debug|Any CPU.ActiveCfg = Debug|x86
		{983F708A-B6D9-4659-A2F3-F11576866A00}.Debug|Mixed Platforms.ActiveCfg = Debug|x86
		{983F708A-B6D9-4659-A2F3-F11576866A00}.Debug|Mixed Platforms.Build.0 = Debug|x86
		{983F708A-B6D9-4659-A2F3-F11576866A00}.Debug|x86.ActiveCfg = Debug|x86
		{983F708A-B6D9-4659-A2F3-F11576866A00}.Debug|x86.Build.0 = Debug|x86
		{983F708A-B6D9-4659-A2F3-F11576866A00}.Release|Any CPU.ActiveCfg = Release|x86
		{983F708A-B6D9-4659-A2F3-F11576866A00}.Release|Mixed Platforms.ActiveCfg = Release|x86
		{983F708A-B6D9-4659-A2F3-F11576866A00}.Release|Mixed Platforms.Build.0 = Release|x86
		{983F708A-B6D9-4659-A2F3-F11576866A00}.Release|x86.ActiveCfg = Release|x86
		{983F708A-B6D9-4659-A2F3-F11576866A00}.Release|x86.Build.0 = Release|x86
		{AA694D9D-32EB-4768-A251-F34F73344D08}.Debug|Any CPU.ActiveCfg = Debug|Any CPU
		{AA694D9D-32EB-4768-A251-F34F73344D08}.Debug|Any CPU.Build.0 = Debug|Any CPU
		{AA694D9D-32EB-4768-A251-F34F73344D08}.Debug|Mixed Platforms.ActiveCfg = Debug|Any CPU
		{AA694D9D-32EB-4768-A251-F34F73344D08}.Debug|Mixed Platforms.Build.0 = Debug|Any CPU
		{AA694D9D-32EB-4768-A251-F34F73344D08}.Debug|x86.ActiveCfg = Debug|Any CPU
		{AA694D9D-32EB-4768-A251-F34F73344D08}.Release|Any CPU.ActiveCfg = Release|Any CPU
		{AA694D9D-32EB-4768-A251-F34F73344D08}.Release|Any CPU.Build.0 = Release|Any CPU
		{AA694D9D-32EB-4768-A251-F34F73344D08}.Release|Mixed Platforms.ActiveCfg = Release|Any CPU
		{AA694D9D-32EB-4768-A251-F34F73344D08}.Release|Mixed Platforms.Build.0 = Release|Any CPU
		{AA694D9D-32EB-4768-A251-F34F73344D08}.Release|x86.ActiveCfg = Release|Any CPU
	EndGlobalSection
	GlobalSection(SolutionProperties) = preSolution
		HideSolutionNode = FALSE
	EndGlobalSection
EndGlobal
